
Microsoft Visual Studio Solution File, Format Version 12.00
# Visual Studio 2013
VisualStudioVersion = 12.0.31101.0
MinimumVisualStudioVersion = 10.0.40219.1
Project("{FAE04EC0-301F-11D3-BF4B-00C04F79EFBC}") = "AMail", "AMail\AMail.csproj", "{89C6A974-3F13-4231-9A97-6C51D5A43C25}"
EndProject
Project("{FAE04EC0-301F-11D3-BF4B-00C04F79EFBC}") = "AMail.Testes", "AMail.Testes\AMail.Testes.csproj", "{7ABEE8F1-1FF7-44AC-A4CC-1003C4533AD1}"
EndProject
Global
	GlobalSection(SolutionConfigurationPlatforms) = preSolution
		Debug|Any CPU = Debug|Any CPU
		Release|Any CPU = Release|Any CPU
	EndGlobalSection
	GlobalSection(ProjectConfigurationPlatforms) = postSolution
		{89C6A974-3F13-4231-9A97-6C51D5A43C25}.Debug|Any CPU.ActiveCfg = Debug|Any CPU
		{89C6A974-3F13-4231-9A97-6C51D5A43C25}.Debug|Any CPU.Build.0 = Debug|Any CPU
		{89C6A974-3F13-4231-9A97-6C51D5A43C25}.Release|Any CPU.ActiveCfg = Release|Any CPU
		{89C6A974-3F13-4231-9A97-6C51D5A43C25}.Release|Any CPU.Build.0 = Release|Any CPU
		{7ABEE8F1-1FF7-44AC-A4CC-1003C4533AD1}.Debug|Any CPU.ActiveCfg = Debug|Any CPU
		{7ABEE8F1-1FF7-44AC-A4CC-1003C4533AD1}.Debug|Any CPU.Build.0 = Debug|Any CPU
		{7ABEE8F1-1FF7-44AC-A4CC-1003C4533AD1}.Release|Any CPU.ActiveCfg = Release|Any CPU
		{7ABEE8F1-1FF7-44AC-A4CC-1003C4533AD1}.Release|Any CPU.Build.0 = Release|Any CPU
	EndGlobalSection
	GlobalSection(SolutionProperties) = preSolution
		HideSolutionNode = FALSE
	EndGlobalSection
EndGlobal
